github.com/ugozlave/cargo v1.1.0 h1:inu9kHLwYPMorjKeVAXuiSiBB1+k45JwGsy4X7FhZlw=
github.com/ugozlave/cargo v1.1.0/go.mod h1:xspN+9t34UrI9n0BZWl/F09p3EiZsv+umLWQmgZRIyo=
github.com/ugozlave/cargo v1.2.0 h1:59E9D0NGeVLAiMnrlkAdkOrXXlwY72hDkXZwX4eVMjA=
github.com/ugozlave/cargo v1.2.0/go.mod h1:xspN+9t34UrI9n0BZWl/F09p3EiZsv+umLWQmgZRIyo=
github.com/ugozlave/cargo v1.2.1 h1:bkqhCoJ1m1jCnxD4NOjfrGg8tOZBaKSReJ00n8VBzc4=
github.com/ugozlave/cargo v1.2.1/go.mod h1:xspN+9t34UrI9n0BZWl/F09p3EiZsv+umLWQmgZRIyo=
github.com/ugozlave/cargo v1.2.2 h1:Y9nE87RrjVdrU1GeGP7PlUV+VUgnxHOos3fcoy+rur4=
github.com/ugozlave/cargo v1.2.2/go.mod h1:xspN+9t34UrI9n0BZWl/F09p3EiZsv+umLWQmgZRIyo=
